
Microsoft Visual Studio Solution File, Format Version 12.00
# Visual Studio Version 16
VisualStudioVersion = 16.0.31313.79
MinimumVisualStudioVersion = 10.0.40219.1
Project("{FAE04EC0-301F-11D3-BF4B-00C04F79EFBC}") = "Enx.OpenIddict.RavenDB", "Enx.OpenIddict.RavenDB\Enx.OpenIddict.RavenDB.csproj", "{86001F4B-F394-4F32-9EBA-7038359E27C0}"
EndProject
Project("{FAE04EC0-301F-11D3-BF4B-00C04F79EFBC}") = "Enx.OpenIddict.RavenDB.Models", "Enx.OpenIddict.RavenDB.Models\Enx.OpenIddict.RavenDB.Models.csproj", "{4ABB9B08-8CE9-485F-92FA-332F1BE3CC71}"
EndProject
Project("{2150E333-8FDC-42A3-9474-1A3956D46DE8}") = "Solution Items", "Solution Items", "{BA13E504-2DFD-4C97-8ECD-7D247DA696A7}"
	ProjectSection(SolutionItems) = preProject
		Directory.Build.props = Directory.Build.props
	EndProjectSection
EndProject
Global
	GlobalSection(SolutionConfigurationPlatforms) = preSolution
		Debug|Any CPU = Debug|Any CPU
		Release|Any CPU = Release|Any CPU
	EndGlobalSection
	GlobalSection(ProjectConfigurationPlatforms) = postSolution
		{86001F4B-F394-4F32-9EBA-7038359E27C0}.Debug|Any CPU.ActiveCfg = Debug|Any CPU
		{86001F4B-F394-4F32-9EBA-7038359E27C0}.Debug|Any CPU.Build.0 = Debug|Any CPU
		{86001F4B-F394-4F32-9EBA-7038359E27C0}.Release|Any CPU.ActiveCfg = Release|Any CPU
		{86001F4B-F394-4F32-9EBA-7038359E27C0}.Release|Any CPU.Build.0 = Release|Any CPU
		{4ABB9B08-8CE9-485F-92FA-332F1BE3CC71}.Debug|Any CPU.ActiveCfg = Debug|Any CPU
		{4ABB9B08-8CE9-485F-92FA-332F1BE3CC71}.Debug|Any CPU.Build.0 = Debug|Any CPU
		{4ABB9B08-8CE9-485F-92FA-332F1BE3CC71}.Release|Any CPU.ActiveCfg = Release|Any CPU
		{4ABB9B08-8CE9-485F-92FA-332F1BE3CC71}.Release|Any CPU.Build.0 = Release|Any CPU
	EndGlobalSection
	GlobalSection(SolutionProperties) = preSolution
		HideSolutionNode = FALSE
	EndGlobalSection
	GlobalSection(ExtensibilityGlobals) = postSolution
		SolutionGuid = {5EC21677-2FE4-43DB-9552-8C2EA3A781D7}
	EndGlobalSection
EndGlobal
